
Microsoft Visual Studio Solution File, Format Version 12.00
# Visual Studio 14
VisualStudioVersion = 14.0.25420.1
MinimumVisualStudioVersion = 10.0.40219.1
Project("{FAE04EC0-301F-11D3-BF4B-00C04F79EFBC}") = "Specialised Study Project", "SRP\Specialised Study Project.csproj", "{9CFCFFE4-9350-4B0B-BD24-70388EBE07EC}"
EndProject
Project("{FAE04EC0-301F-11D3-BF4B-00C04F79EFBC}") = "Machine Learning", "Machine Learning\Machine Learning.csproj", "{BB988E60-F87D-43DC-896A-2B0DA6D0BC3D}"
EndProject
Project("{FAE04EC0-301F-11D3-BF4B-00C04F79EFBC}") = "Database", "Database\Database.csproj", "{5BF815DA-C661-445F-B790-207B4BB133B6}"
EndProject
Project("{2150E333-8FDC-42A3-9474-1A3956D46DE8}") = "SSP", "SSP", "{250A31C0-151E-4383-9D34-3CE3169B38BF}"
EndProject
Project("{2150E333-8FDC-42A3-9474-1A3956D46DE8}") = "Tools", "Tools", "{9DE0CA80-AAFD-4A7B-91A8-7A235A984A58}"
EndProject
Project("{FAE04EC0-301F-11D3-BF4B-00C04F79EFBC}") = "Razor", "Razor\Razor.csproj", "{510FF373-EB6C-40CB-82EA-5C2499C019A3}"
EndProject
Global
	GlobalSection(SolutionConfigurationPlatforms) = preSolution
		Debug|Any CPU = Debug|Any CPU
		Debug|x64 = Debug|x64
		Debug|x86 = Debug|x86
		Release|Any CPU = Release|Any CPU
		Release|x64 = Release|x64
		Release|x86 = Release|x86
	EndGlobalSection
	GlobalSection(ProjectConfigurationPlatforms) = postSolution
		{9CFCFFE4-9350-4B0B-BD24-70388EBE07EC}.Debug|Any CPU.ActiveCfg = Debug|x86
		{9CFCFFE4-9350-4B0B-BD24-70388EBE07EC}.Debug|Any CPU.Build.0 = Debug|x86
		{9CFCFFE4-9350-4B0B-BD24-70388EBE07EC}.Debug|x64.ActiveCfg = Debug|x64
		{9CFCFFE4-9350-4B0B-BD24-70388EBE07EC}.Debug|x64.Build.0 = Debug|x64
		{9CFCFFE4-9350-4B0B-BD24-70388EBE07EC}.Debug|x86.ActiveCfg = Debug|x86
		{9CFCFFE4-9350-4B0B-BD24-70388EBE07EC}.Debug|x86.Build.0 = Debug|x86
		{9CFCFFE4-9350-4B0B-BD24-70388EBE07EC}.Release|Any CPU.ActiveCfg = Release|Any CPU
		{9CFCFFE4-9350-4B0B-BD24-70388EBE07EC}.Release|Any CPU.Build.0 = Release|Any CPU
		{9CFCFFE4-9350-4B0B-BD24-70388EBE07EC}.Release|x64.ActiveCfg = Release|x64
		{9CFCFFE4-9350-4B0B-BD24-70388EBE07EC}.Release|x64.Build.0 = Release|x64
		{9CFCFFE4-9350-4B0B-BD24-70388EBE07EC}.Release|x86.ActiveCfg = Release|x86
		{9CFCFFE4-9350-4B0B-BD24-70388EBE07EC}.Release|x86.Build.0 = Release|x86
		{BB988E60-F87D-43DC-896A-2B0DA6D0BC3D}.Debug|Any CPU.ActiveCfg = Debug|Any CPU
		{BB988E60-F87D-43DC-896A-2B0DA6D0BC3D}.Debug|Any CPU.Build.0 = Debug|Any CPU
		{BB988E60-F87D-43DC-896A-2B0DA6D0BC3D}.Debug|x64.ActiveCfg = Debug|x64
		{BB988E60-F87D-43DC-896A-2B0DA6D0BC3D}.Debug|x64.Build.0 = Debug|x64
		{BB988E60-F87D-43DC-896A-2B0DA6D0BC3D}.Debug|x86.ActiveCfg = Debug|Any CPU
		{BB988E60-F87D-43DC-896A-2B0DA6D0BC3D}.Debug|x86.Build.0 = Debug|Any CPU
		{BB988E60-F87D-43DC-896A-2B0DA6D0BC3D}.Release|Any CPU.ActiveCfg = Release|Any CPU
		{BB988E60-F87D-43DC-896A-2B0DA6D0BC3D}.Release|Any CPU.Build.0 = Release|Any CPU
		{BB988E60-F87D-43DC-896A-2B0DA6D0BC3D}.Release|x64.ActiveCfg = Release|Any CPU
		{BB988E60-F87D-43DC-896A-2B0DA6D0BC3D}.Release|x64.Build.0 = Release|Any CPU
		{BB988E60-F87D-43DC-896A-2B0DA6D0BC3D}.Release|x86.ActiveCfg = Release|Any CPU
		{BB988E60-F87D-43DC-896A-2B0DA6D0BC3D}.Release|x86.Build.0 = Release|Any CPU
		{5BF815DA-C661-445F-B790-207B4BB133B6}.Debug|Any CPU.ActiveCfg = Debug|Any CPU
		{5BF815DA-C661-445F-B790-207B4BB133B6}.Debug|Any CPU.Build.0 = Debug|Any CPU
		{5BF815DA-C661-445F-B790-207B4BB133B6}.Debug|x64.ActiveCfg = Debug|x64
		{5BF815DA-C661-445F-B790-207B4BB133B6}.Debug|x64.Build.0 = Debug|x64
		{5BF815DA-C661-445F-B790-207B4BB133B6}.Debug|x86.ActiveCfg = Debug|Any CPU
		{5BF815DA-C661-445F-B790-207B4BB133B6}.Debug|x86.Build.0 = Debug|Any CPU
		{5BF815DA-C661-445F-B790-207B4BB133B6}.Release|Any CPU.ActiveCfg = Release|Any CPU
		{5BF815DA-C661-445F-B790-207B4BB133B6}.Release|Any CPU.Build.0 = Release|Any CPU
		{5BF815DA-C661-445F-B790-207B4BB133B6}.Release|x64.ActiveCfg = Release|Any CPU
		{5BF815DA-C661-445F-B790-207B4BB133B6}.Release|x64.Build.0 = Release|Any CPU
		{5BF815DA-C661-445F-B790-207B4BB133B6}.Release|x86.ActiveCfg = Release|Any CPU
		{5BF815DA-C661-445F-B790-207B4BB133B6}.Release|x86.Build.0 = Release|Any CPU
		{510FF373-EB6C-40CB-82EA-5C2499C019A3}.Debug|Any CPU.ActiveCfg = Debug|Any CPU
		{510FF373-EB6C-40CB-82EA-5C2499C019A3}.Debug|Any CPU.Build.0 = Debug|Any CPU
		{510FF373-EB6C-40CB-82EA-5C2499C019A3}.Debug|x64.ActiveCfg = Debug|x64
		{510FF373-EB6C-40CB-82EA-5C2499C019A3}.Debug|x64.Build.0 = Debug|x64
		{510FF373-EB6C-40CB-82EA-5C2499C019A3}.Debug|x86.ActiveCfg = Debug|Any CPU
		{510FF373-EB6C-40CB-82EA-5C2499C019A3}.Debug|x86.Build.0 = Debug|Any CPU
		{510FF373-EB6C-40CB-82EA-5C2499C019A3}.Release|Any CPU.ActiveCfg = Release|Any CPU
		{510FF373-EB6C-40CB-82EA-5C2499C019A3}.Release|Any CPU.Build.0 = Release|Any CPU
		{510FF373-EB6C-40CB-82EA-5C2499C019A3}.Release|x64.ActiveCfg = Release|Any CPU
		{510FF373-EB6C-40CB-82EA-5C2499C019A3}.Release|x64.Build.0 = Release|Any CPU
		{510FF373-EB6C-40CB-82EA-5C2499C019A3}.Release|x86.ActiveCfg = Release|Any CPU
		{510FF373-EB6C-40CB-82EA-5C2499C019A3}.Release|x86.Build.0 = Release|Any CPU
	EndGlobalSection
	GlobalSection(SolutionProperties) = preSolution
		HideSolutionNode = FALSE
	EndGlobalSection
	GlobalSection(NestedProjects) = preSolution
		{9CFCFFE4-9350-4B0B-BD24-70388EBE07EC} = {250A31C0-151E-4383-9D34-3CE3169B38BF}
		{BB988E60-F87D-43DC-896A-2B0DA6D0BC3D} = {250A31C0-151E-4383-9D34-3CE3169B38BF}
		{5BF815DA-C661-445F-B790-207B4BB133B6} = {250A31C0-151E-4383-9D34-3CE3169B38BF}
		{510FF373-EB6C-40CB-82EA-5C2499C019A3} = {9DE0CA80-AAFD-4A7B-91A8-7A235A984A58}
	EndGlobalSection
EndGlobal
