
Microsoft Visual Studio Solution File, Format Version 12.00
# Visual Studio 14
VisualStudioVersion = 14.0.25420.1
MinimumVisualStudioVersion = 10.0.40219.1
Project("{2150E333-8FDC-42A3-9474-1A3956D46DE8}") = "SSP", "SSP", "{250A31C0-151E-4383-9D34-3CE3169B38BF}"
EndProject
Project("{FAE04EC0-301F-11D3-BF4B-00C04F79EFBC}") = "Libraries", "Library\Libraries.csproj", "{BC2B82EF-1093-4770-AD2F-1313E7ACFA66}"
EndProject
Project("{FAE04EC0-301F-11D3-BF4B-00C04F79EFBC}") = "Program", "Program\Program.csproj", "{437FC805-4AAA-428C-BA3B-0EB30EB9E740}"
EndProject
Project("{FAE04EC0-301F-11D3-BF4B-00C04F79EFBC}") = "Database", "Database\Database.csproj", "{06A328E6-2479-4E43-8FAD-938DF4384606}"
EndProject
Project("{2150E333-8FDC-42A3-9474-1A3956D46DE8}") = "Cross", "Cross", "{53F87F07-6C6A-4E0F-9FAA-366EE133168B}"
EndProject
Project("{FAE04EC0-301F-11D3-BF4B-00C04F79EFBC}") = "Dictionary", "Dictionary\Dictionary.csproj", "{98D8F169-A957-4867-BA61-C44A97614B33}"
EndProject
Global
	GlobalSection(SolutionConfigurationPlatforms) = preSolution
		Debug|Any CPU = Debug|Any CPU
		Debug|x64 = Debug|x64
		Release|Any CPU = Release|Any CPU
		Release|x64 = Release|x64
	EndGlobalSection
	GlobalSection(ProjectConfigurationPlatforms) = postSolution
		{BC2B82EF-1093-4770-AD2F-1313E7ACFA66}.Debug|Any CPU.ActiveCfg = Debug|Any CPU
		{BC2B82EF-1093-4770-AD2F-1313E7ACFA66}.Debug|Any CPU.Build.0 = Debug|Any CPU
		{BC2B82EF-1093-4770-AD2F-1313E7ACFA66}.Debug|x64.ActiveCfg = Debug|x64
		{BC2B82EF-1093-4770-AD2F-1313E7ACFA66}.Debug|x64.Build.0 = Debug|x64
		{BC2B82EF-1093-4770-AD2F-1313E7ACFA66}.Release|Any CPU.ActiveCfg = Release|Any CPU
		{BC2B82EF-1093-4770-AD2F-1313E7ACFA66}.Release|Any CPU.Build.0 = Release|Any CPU
		{BC2B82EF-1093-4770-AD2F-1313E7ACFA66}.Release|x64.ActiveCfg = Release|Any CPU
		{BC2B82EF-1093-4770-AD2F-1313E7ACFA66}.Release|x64.Build.0 = Release|Any CPU
		{437FC805-4AAA-428C-BA3B-0EB30EB9E740}.Debug|Any CPU.ActiveCfg = Debug|Any CPU
		{437FC805-4AAA-428C-BA3B-0EB30EB9E740}.Debug|Any CPU.Build.0 = Debug|Any CPU
		{437FC805-4AAA-428C-BA3B-0EB30EB9E740}.Debug|x64.ActiveCfg = Debug|x64
		{437FC805-4AAA-428C-BA3B-0EB30EB9E740}.Debug|x64.Build.0 = Debug|x64
		{437FC805-4AAA-428C-BA3B-0EB30EB9E740}.Release|Any CPU.ActiveCfg = Release|Any CPU
		{437FC805-4AAA-428C-BA3B-0EB30EB9E740}.Release|Any CPU.Build.0 = Release|Any CPU
		{437FC805-4AAA-428C-BA3B-0EB30EB9E740}.Release|x64.ActiveCfg = Release|Any CPU
		{437FC805-4AAA-428C-BA3B-0EB30EB9E740}.Release|x64.Build.0 = Release|Any CPU
		{06A328E6-2479-4E43-8FAD-938DF4384606}.Debug|Any CPU.ActiveCfg = Debug|Any CPU
		{06A328E6-2479-4E43-8FAD-938DF4384606}.Debug|Any CPU.Build.0 = Debug|Any CPU
		{06A328E6-2479-4E43-8FAD-938DF4384606}.Debug|x64.ActiveCfg = Debug|x64
		{06A328E6-2479-4E43-8FAD-938DF4384606}.Debug|x64.Build.0 = Debug|x64
		{06A328E6-2479-4E43-8FAD-938DF4384606}.Release|Any CPU.ActiveCfg = Release|Any CPU
		{06A328E6-2479-4E43-8FAD-938DF4384606}.Release|Any CPU.Build.0 = Release|Any CPU
		{06A328E6-2479-4E43-8FAD-938DF4384606}.Release|x64.ActiveCfg = Release|Any CPU
		{06A328E6-2479-4E43-8FAD-938DF4384606}.Release|x64.Build.0 = Release|Any CPU
		{98D8F169-A957-4867-BA61-C44A97614B33}.Debug|Any CPU.ActiveCfg = Debug|Any CPU
		{98D8F169-A957-4867-BA61-C44A97614B33}.Debug|Any CPU.Build.0 = Debug|Any CPU
		{98D8F169-A957-4867-BA61-C44A97614B33}.Debug|x64.ActiveCfg = Debug|Any CPU
		{98D8F169-A957-4867-BA61-C44A97614B33}.Debug|x64.Build.0 = Debug|Any CPU
		{98D8F169-A957-4867-BA61-C44A97614B33}.Release|Any CPU.ActiveCfg = Release|Any CPU
		{98D8F169-A957-4867-BA61-C44A97614B33}.Release|Any CPU.Build.0 = Release|Any CPU
		{98D8F169-A957-4867-BA61-C44A97614B33}.Release|x64.ActiveCfg = Release|Any CPU
		{98D8F169-A957-4867-BA61-C44A97614B33}.Release|x64.Build.0 = Release|Any CPU
	EndGlobalSection
	GlobalSection(SolutionProperties) = preSolution
		HideSolutionNode = FALSE
	EndGlobalSection
	GlobalSection(NestedProjects) = preSolution
		{BC2B82EF-1093-4770-AD2F-1313E7ACFA66} = {53F87F07-6C6A-4E0F-9FAA-366EE133168B}
		{437FC805-4AAA-428C-BA3B-0EB30EB9E740} = {250A31C0-151E-4383-9D34-3CE3169B38BF}
		{06A328E6-2479-4E43-8FAD-938DF4384606} = {53F87F07-6C6A-4E0F-9FAA-366EE133168B}
		{98D8F169-A957-4867-BA61-C44A97614B33} = {53F87F07-6C6A-4E0F-9FAA-366EE133168B}
	EndGlobalSection
EndGlobal
